// !$*UTF8*$!
{
	archiveVersion = 1;
	classes = {
	};
	objectVersion = 56;
	objects = {

/* Begin PBXBuildFile section */
		CD525E6B29594AFA008CB800 /* MarketDataService.swift in Sources */ = {isa = PBXBuildFile; fileRef = CD525E6A29594AFA008CB800 /* MarketDataService.swift */; };
		CD525E6D29596955008CB800 /* PortfolioView.swift in Sources */ = {isa = PBXBuildFile; fileRef = CD525E6C29596955008CB800 /* PortfolioView.swift */; };
		CD525E6F295976CA008CB800 /* XMarkButton.swift in Sources */ = {isa = PBXBuildFile; fileRef = CD525E6E295976CA008CB800 /* XMarkButton.swift */; };
		CD525E7129597C58008CB800 /* CoinLogoView.swift in Sources */ = {isa = PBXBuildFile; fileRef = CD525E7029597C58008CB800 /* CoinLogoView.swift */; };
		CD525E74295A8CA2008CB800 /* PortfolioContainer.xcdatamodeld in Sources */ = {isa = PBXBuildFile; fileRef = CD525E72295A8CA2008CB800 /* PortfolioContainer.xcdatamodeld */; };
		CD525E76295A8DC8008CB800 /* PortfolioDataService.swift in Sources */ = {isa = PBXBuildFile; fileRef = CD525E75295A8DC8008CB800 /* PortfolioDataService.swift */; };
		CD8D4A292952EBA2002755C0 /* PinCryptoApp.swift in Sources */ = {isa = PBXBuildFile; fileRef = CD8D4A282952EBA2002755C0 /* PinCryptoApp.swift */; };
		CD8D4A2B2952EBA2002755C0 /* ContentView.swift in Sources */ = {isa = PBXBuildFile; fileRef = CD8D4A2A2952EBA2002755C0 /* ContentView.swift */; };
		CD8D4A302952EBA3002755C0 /* Preview Assets.xcassets in Resources */ = {isa = PBXBuildFile; fileRef = CD8D4A2F2952EBA3002755C0 /* Preview Assets.xcassets */; };
		CD8D4A372952EF7F002755C0 /* Assets.xcassets in Resources */ = {isa = PBXBuildFile; fileRef = CD8D4A362952EF7F002755C0 /* Assets.xcassets */; };
		CD8D4A412952F09B002755C0 /* String.swift in Sources */ = {isa = PBXBuildFile; fileRef = CD8D4A3B2952F09B002755C0 /* String.swift */; };
		CD8D4A422952F09B002755C0 /* UIApplication.swift in Sources */ = {isa = PBXBuildFile; fileRef = CD8D4A3C2952F09B002755C0 /* UIApplication.swift */; };
		CD8D4A432952F09B002755C0 /* Double.swift in Sources */ = {isa = PBXBuildFile; fileRef = CD8D4A3D2952F09B002755C0 /* Double.swift */; };
		CD8D4A442952F09B002755C0 /* Color.swift in Sources */ = {isa = PBXBuildFile; fileRef = CD8D4A3E2952F09B002755C0 /* Color.swift */; };
		CD8D4A452952F09B002755C0 /* Date.swift in Sources */ = {isa = PBXBuildFile; fileRef = CD8D4A3F2952F09B002755C0 /* Date.swift */; };
		CD8D4A4C2952F2B7002755C0 /* HomeView.swift in Sources */ = {isa = PBXBuildFile; fileRef = CD8D4A4B2952F2B7002755C0 /* HomeView.swift */; };
		CD8D4A4F2952F3AC002755C0 /* CircleButtonView.swift in Sources */ = {isa = PBXBuildFile; fileRef = CD8D4A4E2952F3AC002755C0 /* CircleButtonView.swift */; };
		CDC6D73E295ACD2B00B8F06F /* HapticManager.swift in Sources */ = {isa = PBXBuildFile; fileRef = CDC6D73D295ACD2B00B8F06F /* HapticManager.swift */; };
		CDDB347E29557242002CEDE7 /* LocalFileManager.swift in Sources */ = {isa = PBXBuildFile; fileRef = CDDB347D29557242002CEDE7 /* LocalFileManager.swift */; };
		CDDB348029558269002CEDE7 /* SearchBarView.swift in Sources */ = {isa = PBXBuildFile; fileRef = CDDB347F29558269002CEDE7 /* SearchBarView.swift */; };
		CDDB348229559119002CEDE7 /* StatisticModel.swift in Sources */ = {isa = PBXBuildFile; fileRef = CDDB348129559119002CEDE7 /* StatisticModel.swift */; };
		CDDB34842955926D002CEDE7 /* StatisticView.swift in Sources */ = {isa = PBXBuildFile; fileRef = CDDB34832955926D002CEDE7 /* StatisticView.swift */; };
		CDDB3486295595D3002CEDE7 /* HomeStatsView.swift in Sources */ = {isa = PBXBuildFile; fileRef = CDDB3485295595D3002CEDE7 /* HomeStatsView.swift */; };
		CDDB34882955A83B002CEDE7 /* MarketDataModel.swift in Sources */ = {isa = PBXBuildFile; fileRef = CDDB34872955A83B002CEDE7 /* MarketDataModel.swift */; };
		CDF9D5FF2952FD9B00B09CD6 /* CircleButtonAnimationView.swift in Sources */ = {isa = PBXBuildFile; fileRef = CDF9D5FE2952FD9B00B09CD6 /* CircleButtonAnimationView.swift */; };
		CDF9D60229530F0B00B09CD6 /* CoinModel.swift in Sources */ = {isa = PBXBuildFile; fileRef = CDF9D60129530F0B00B09CD6 /* CoinModel.swift */; };
		CDF9D6042954058E00B09CD6 /* CoinRowView.swift in Sources */ = {isa = PBXBuildFile; fileRef = CDF9D6032954058E00B09CD6 /* CoinRowView.swift */; };
		CDF9D606295405FB00B09CD6 /* PreviewProvider.swift in Sources */ = {isa = PBXBuildFile; fileRef = CDF9D605295405FB00B09CD6 /* PreviewProvider.swift */; };
		CDF9D6082954279000B09CD6 /* HomeViewModel.swift in Sources */ = {isa = PBXBuildFile; fileRef = CDF9D6072954279000B09CD6 /* HomeViewModel.swift */; };
		CDF9D60B2954375D00B09CD6 /* CoinDataService.swift in Sources */ = {isa = PBXBuildFile; fileRef = CDF9D60A2954375D00B09CD6 /* CoinDataService.swift */; };
		CDF9D60E29543EE300B09CD6 /* NetworkingManager.swift in Sources */ = {isa = PBXBuildFile; fileRef = CDF9D60D29543EE300B09CD6 /* NetworkingManager.swift */; };
		CDF9D6102954503700B09CD6 /* CoinImageView.swift in Sources */ = {isa = PBXBuildFile; fileRef = CDF9D60F2954503700B09CD6 /* CoinImageView.swift */; };
		CDF9D6122954527B00B09CD6 /* CoinImageService.swift in Sources */ = {isa = PBXBuildFile; fileRef = CDF9D6112954527B00B09CD6 /* CoinImageService.swift */; };
		CDF9D6162954545800B09CD6 /* CoinImageViewModel.swift in Sources */ = {isa = PBXBuildFile; fileRef = CDF9D6152954545800B09CD6 /* CoinImageViewModel.swift */; };
		CDFFCBEA295BED0600D52E09 /* DetailView.swift in Sources */ = {isa = PBXBuildFile; fileRef = CDFFCBE9295BED0600D52E09 /* DetailView.swift */; };
/* End PBXBuildFile section */

/* Begin PBXFileReference section */
		CD525E6A29594AFA008CB800 /* MarketDataService.swift */ = {isa = PBXFileReference; lastKnownFileType = sourcecode.swift; path = MarketDataService.swift; sourceTree = "<group>"; };
		CD525E6C29596955008CB800 /* PortfolioView.swift */ = {isa = PBXFileReference; lastKnownFileType = sourcecode.swift; path = PortfolioView.swift; sourceTree = "<group>"; };
		CD525E6E295976CA008CB800 /* XMarkButton.swift */ = {isa = PBXFileReference; lastKnownFileType = sourcecode.swift; path = XMarkButton.swift; sourceTree = "<group>"; };
		CD525E7029597C58008CB800 /* CoinLogoView.swift */ = {isa = PBXFileReference; lastKnownFileType = sourcecode.swift; path = CoinLogoView.swift; sourceTree = "<group>"; };
		CD525E73295A8CA2008CB800 /* PortfolioContainer.xcdatamodel */ = {isa = PBXFileReference; lastKnownFileType = wrapper.xcdatamodel; path = PortfolioContainer.xcdatamodel; sourceTree = "<group>"; };
		CD525E75295A8DC8008CB800 /* PortfolioDataService.swift */ = {isa = PBXFileReference; lastKnownFileType = sourcecode.swift; path = PortfolioDataService.swift; sourceTree = "<group>"; };
		CD8D4A252952EBA2002755C0 /* PinCrypto.app */ = {isa = PBXFileReference; explicitFileType = wrapper.application; includeInIndex = 0; path = PinCrypto.app; sourceTree = BUILT_PRODUCTS_DIR; };
		CD8D4A282952EBA2002755C0 /* PinCryptoApp.swift */ = {isa = PBXFileReference; lastKnownFileType = sourcecode.swift; path = PinCryptoApp.swift; sourceTree = "<group>"; };
		CD8D4A2A2952EBA2002755C0 /* ContentView.swift */ = {isa = PBXFileReference; lastKnownFileType = sourcecode.swift; path = ContentView.swift; sourceTree = "<group>"; };
		CD8D4A2F2952EBA3002755C0 /* Preview Assets.xcassets */ = {isa = PBXFileReference; lastKnownFileType = folder.assetcatalog; path = "Preview Assets.xcassets"; sourceTree = "<group>"; };
		CD8D4A362952EF7F002755C0 /* Assets.xcassets */ = {isa = PBXFileReference; lastKnownFileType = folder.assetcatalog; name = Assets.xcassets; path = ../../../Downloads/Resources/Assets.xcassets; sourceTree = "<group>"; };
		CD8D4A3B2952F09B002755C0 /* String.swift */ = {isa = PBXFileReference; fileEncoding = 4; lastKnownFileType = sourcecode.swift; path = String.swift; sourceTree = "<group>"; };
		CD8D4A3C2952F09B002755C0 /* UIApplication.swift */ = {isa = PBXFileReference; fileEncoding = 4; lastKnownFileType = sourcecode.swift; path = UIApplication.swift; sourceTree = "<group>"; };
		CD8D4A3D2952F09B002755C0 /* Double.swift */ = {isa = PBXFileReference; fileEncoding = 4; lastKnownFileType = sourcecode.swift; path = Double.swift; sourceTree = "<group>"; };
		CD8D4A3E2952F09B002755C0 /* Color.swift */ = {isa = PBXFileReference; fileEncoding = 4; lastKnownFileType = sourcecode.swift; path = Color.swift; sourceTree = "<group>"; };
		CD8D4A3F2952F09B002755C0 /* Date.swift */ = {isa = PBXFileReference; fileEncoding = 4; lastKnownFileType = sourcecode.swift; path = Date.swift; sourceTree = "<group>"; };
		CD8D4A4B2952F2B7002755C0 /* HomeView.swift */ = {isa = PBXFileReference; lastKnownFileType = sourcecode.swift; path = HomeView.swift; sourceTree = "<group>"; };
		CD8D4A4E2952F3AC002755C0 /* CircleButtonView.swift */ = {isa = PBXFileReference; lastKnownFileType = sourcecode.swift; path = CircleButtonView.swift; sourceTree = "<group>"; };
		CDC6D73D295ACD2B00B8F06F /* HapticManager.swift */ = {isa = PBXFileReference; lastKnownFileType = sourcecode.swift; path = HapticManager.swift; sourceTree = "<group>"; };
		CDDB347D29557242002CEDE7 /* LocalFileManager.swift */ = {isa = PBXFileReference; lastKnownFileType = sourcecode.swift; path = LocalFileManager.swift; sourceTree = "<group>"; };
		CDDB347F29558269002CEDE7 /* SearchBarView.swift */ = {isa = PBXFileReference; lastKnownFileType = sourcecode.swift; path = SearchBarView.swift; sourceTree = "<group>"; };
		CDDB348129559119002CEDE7 /* StatisticModel.swift */ = {isa = PBXFileReference; lastKnownFileType = sourcecode.swift; path = StatisticModel.swift; sourceTree = "<group>"; };
		CDDB34832955926D002CEDE7 /* StatisticView.swift */ = {isa = PBXFileReference; lastKnownFileType = sourcecode.swift; path = StatisticView.swift; sourceTree = "<group>"; };
		CDDB3485295595D3002CEDE7 /* HomeStatsView.swift */ = {isa = PBXFileReference; lastKnownFileType = sourcecode.swift; path = HomeStatsView.swift; sourceTree = "<group>"; };
		CDDB34872955A83B002CEDE7 /* MarketDataModel.swift */ = {isa = PBXFileReference; lastKnownFileType = sourcecode.swift; path = MarketDataModel.swift; sourceTree = "<group>"; };
		CDF9D5FE2952FD9B00B09CD6 /* CircleButtonAnimationView.swift */ = {isa = PBXFileReference; lastKnownFileType = sourcecode.swift; path = CircleButtonAnimationView.swift; sourceTree = "<group>"; };
		CDF9D60129530F0B00B09CD6 /* CoinModel.swift */ = {isa = PBXFileReference; lastKnownFileType = sourcecode.swift; path = CoinModel.swift; sourceTree = "<group>"; };
		CDF9D6032954058E00B09CD6 /* CoinRowView.swift */ = {isa = PBXFileReference; lastKnownFileType = sourcecode.swift; path = CoinRowView.swift; sourceTree = "<group>"; };
		CDF9D605295405FB00B09CD6 /* PreviewProvider.swift */ = {isa = PBXFileReference; fileEncoding = 4; lastKnownFileType = sourcecode.swift; path = PreviewProvider.swift; sourceTree = "<group>"; };
		CDF9D6072954279000B09CD6 /* HomeViewModel.swift */ = {isa = PBXFileReference; lastKnownFileType = sourcecode.swift; path = HomeViewModel.swift; sourceTree = "<group>"; };
		CDF9D60A2954375D00B09CD6 /* CoinDataService.swift */ = {isa = PBXFileReference; lastKnownFileType = sourcecode.swift; path = CoinDataService.swift; sourceTree = "<group>"; };
		CDF9D60D29543EE300B09CD6 /* NetworkingManager.swift */ = {isa = PBXFileReference; lastKnownFileType = sourcecode.swift; path = NetworkingManager.swift; sourceTree = "<group>"; };
		CDF9D60F2954503700B09CD6 /* CoinImageView.swift */ = {isa = PBXFileReference; lastKnownFileType = sourcecode.swift; path = CoinImageView.swift; sourceTree = "<group>"; };
		CDF9D6112954527B00B09CD6 /* CoinImageService.swift */ = {isa = PBXFileReference; lastKnownFileType = sourcecode.swift; path = CoinImageService.swift; sourceTree = "<group>"; };
		CDF9D6152954545800B09CD6 /* CoinImageViewModel.swift */ = {isa = PBXFileReference; lastKnownFileType = sourcecode.swift; path = CoinImageViewModel.swift; sourceTree = "<group>"; };
		CDFFCBE9295BED0600D52E09 /* DetailView.swift */ = {isa = PBXFileReference; lastKnownFileType = sourcecode.swift; path = DetailView.swift; sourceTree = "<group>"; };
/* End PBXFileReference section */

/* Begin PBXFrameworksBuildPhase section */
		CD8D4A222952EBA2002755C0 /* Frameworks */ = {
			isa = PBXFrameworksBuildPhase;
			buildActionMask = 2147483647;
			files = (
			);
			runOnlyForDeploymentPostprocessing = 0;
		};
/* End PBXFrameworksBuildPhase section */

/* Begin PBXGroup section */
		CD8D4A1C2952EBA2002755C0 = {
			isa = PBXGroup;
			children = (
				CD8D4A272952EBA2002755C0 /* PinCrypto */,
				CD8D4A262952EBA2002755C0 /* Products */,
			);
			sourceTree = "<group>";
		};
		CD8D4A262952EBA2002755C0 /* Products */ = {
			isa = PBXGroup;
			children = (
				CD8D4A252952EBA2002755C0 /* PinCrypto.app */,
			);
			name = Products;
			sourceTree = "<group>";
		};
		CD8D4A272952EBA2002755C0 /* PinCrypto */ = {
			isa = PBXGroup;
			children = (
				CD8D4A282952EBA2002755C0 /* PinCryptoApp.swift */,
				CD8D4A2A2952EBA2002755C0 /* ContentView.swift */,
				CDF9D60C29543E9C00B09CD6 /* Utilities */,
				CDF9D60029530F0000B09CD6 /* Models */,
				CD8D4A472952F25C002755C0 /* Core */,
				CD8D4A3A2952F06B002755C0 /* Extensions */,
				CDF9D6092954372C00B09CD6 /* Services */,
				CD8D4A362952EF7F002755C0 /* Assets.xcassets */,
				CD8D4A2E2952EBA3002755C0 /* Preview Content */,
			);
			path = PinCrypto;
			sourceTree = "<group>";
		};
		CD8D4A2E2952EBA3002755C0 /* Preview Content */ = {
			isa = PBXGroup;
			children = (
				CD8D4A2F2952EBA3002755C0 /* Preview Assets.xcassets */,
			);
			path = "Preview Content";
			sourceTree = "<group>";
		};
		CD8D4A3A2952F06B002755C0 /* Extensions */ = {
			isa = PBXGroup;
			children = (
				CD8D4A3E2952F09B002755C0 /* Color.swift */,
				CD8D4A3F2952F09B002755C0 /* Date.swift */,
				CD8D4A3D2952F09B002755C0 /* Double.swift */,
				CD8D4A3B2952F09B002755C0 /* String.swift */,
				CDF9D605295405FB00B09CD6 /* PreviewProvider.swift */,
				CD8D4A3C2952F09B002755C0 /* UIApplication.swift */,
			);
			path = Extensions;
			sourceTree = "<group>";
		};
		CD8D4A472952F25C002755C0 /* Core */ = {
			isa = PBXGroup;
			children = (
				CDFFCBE6295BECA100D52E09 /* Detail */,
				CD8D4A4D2952F396002755C0 /* Components */,
				CD8D4A482952F26F002755C0 /* Home */,
			);
			path = Core;
			sourceTree = "<group>";
		};
		CD8D4A482952F26F002755C0 /* Home */ = {
			isa = PBXGroup;
			children = (
				CD8D4A4A2952F291002755C0 /* Views */,
				CD8D4A492952F285002755C0 /* ViewModels */,
			);
			path = Home;
			sourceTree = "<group>";
		};
		CD8D4A492952F285002755C0 /* ViewModels */ = {
			isa = PBXGroup;
			children = (
				CDF9D6072954279000B09CD6 /* HomeViewModel.swift */,
			);
			path = ViewModels;
			sourceTree = "<group>";
		};
		CD8D4A4A2952F291002755C0 /* Views */ = {
			isa = PBXGroup;
			children = (
				CD8D4A4B2952F2B7002755C0 /* HomeView.swift */,
				CD525E6C29596955008CB800 /* PortfolioView.swift */,
				CDDB3485295595D3002CEDE7 /* HomeStatsView.swift */,
				CDF9D6032954058E00B09CD6 /* CoinRowView.swift */,
			);
			path = Views;
			sourceTree = "<group>";
		};
		CD8D4A4D2952F396002755C0 /* Components */ = {
			isa = PBXGroup;
			children = (
				CDF9D6142954543600B09CD6 /* CircleButton */,
				CDF9D6132954542500B09CD6 /* CoinImage */,
				CDDB347F29558269002CEDE7 /* SearchBarView.swift */,
				CDDB34832955926D002CEDE7 /* StatisticView.swift */,
				CD525E6E295976CA008CB800 /* XMarkButton.swift */,
			);
			path = Components;
			sourceTree = "<group>";
		};
		CDF9D60029530F0000B09CD6 /* Models */ = {
			isa = PBXGroup;
			children = (
				CDF9D60129530F0B00B09CD6 /* CoinModel.swift */,
				CDDB34872955A83B002CEDE7 /* MarketDataModel.swift */,
				CDDB348129559119002CEDE7 /* StatisticModel.swift */,
				CD525E72295A8CA2008CB800 /* PortfolioContainer.xcdatamodeld */,
			);
			path = Models;
			sourceTree = "<group>";
		};
		CDF9D6092954372C00B09CD6 /* Services */ = {
			isa = PBXGroup;
			children = (
				CDF9D60A2954375D00B09CD6 /* CoinDataService.swift */,
				CD525E6A29594AFA008CB800 /* MarketDataService.swift */,
				CDF9D6112954527B00B09CD6 /* CoinImageService.swift */,
				CD525E75295A8DC8008CB800 /* PortfolioDataService.swift */,
			);
			path = Services;
			sourceTree = "<group>";
		};
		CDF9D60C29543E9C00B09CD6 /* Utilities */ = {
			isa = PBXGroup;
			children = (
				CDF9D60D29543EE300B09CD6 /* NetworkingManager.swift */,
				CDDB347D29557242002CEDE7 /* LocalFileManager.swift */,
				CDC6D73D295ACD2B00B8F06F /* HapticManager.swift */,
			);
			path = Utilities;
			sourceTree = "<group>";
		};
		CDF9D6132954542500B09CD6 /* CoinImage */ = {
			isa = PBXGroup;
			children = (
				CDF9D60F2954503700B09CD6 /* CoinImageView.swift */,
				CDF9D6152954545800B09CD6 /* CoinImageViewModel.swift */,
				CD525E7029597C58008CB800 /* CoinLogoView.swift */,
			);
			path = CoinImage;
			sourceTree = "<group>";
		};
		CDF9D6142954543600B09CD6 /* CircleButton */ = {
			isa = PBXGroup;
			children = (
				CD8D4A4E2952F3AC002755C0 /* CircleButtonView.swift */,
				CDF9D5FE2952FD9B00B09CD6 /* CircleButtonAnimationView.swift */,
			);
			path = CircleButton;
			sourceTree = "<group>";
		};
		CDFFCBE6295BECA100D52E09 /* Detail */ = {
			isa = PBXGroup;
			children = (
				CDFFCBE8295BECEF00D52E09 /* ViewModels */,
				CDFFCBE7295BECE400D52E09 /* Views */,
			);
			path = Detail;
			sourceTree = "<group>";
		};
		CDFFCBE7295BECE400D52E09 /* Views */ = {
			isa = PBXGroup;
			children = (
				CDFFCBE9295BED0600D52E09 /* DetailView.swift */,
			);
			path = Views;
			sourceTree = "<group>";
		};
		CDFFCBE8295BECEF00D52E09 /* ViewModels */ = {
			isa = PBXGroup;
			children = (
			);
			path = ViewModels;
			sourceTree = "<group>";
		};
/* End PBXGroup section */

/* Begin PBXNativeTarget section */
		CD8D4A242952EBA2002755C0 /* PinCrypto */ = {
			isa = PBXNativeTarget;
			buildConfigurationList = CD8D4A332952EBA3002755C0 /* Build configuration list for PBXNativeTarget "PinCrypto" */;
			buildPhases = (
				CD8D4A212952EBA2002755C0 /* Sources */,
				CD8D4A222952EBA2002755C0 /* Frameworks */,
				CD8D4A232952EBA2002755C0 /* Resources */,
			);
			buildRules = (
			);
			dependencies = (
			);
			name = PinCrypto;
			productName = PinCrypto;
			productReference = CD8D4A252952EBA2002755C0 /* PinCrypto.app */;
			productType = "com.apple.product-type.application";
		};
/* End PBXNativeTarget section */

/* Begin PBXProject section */
		CD8D4A1D2952EBA2002755C0 /* Project object */ = {
			isa = PBXProject;
			attributes = {
				BuildIndependentTargetsInParallel = 1;
				LastSwiftUpdateCheck = 1410;
				LastUpgradeCheck = 1410;
				TargetAttributes = {
					CD8D4A242952EBA2002755C0 = {
						CreatedOnToolsVersion = 14.1;
					};
				};
			};
			buildConfigurationList = CD8D4A202952EBA2002755C0 /* Build configuration list for PBXProject "PinCrypto" */;
			compatibilityVersion = "Xcode 14.0";
			developmentRegion = en;
			hasScannedForEncodings = 0;
			knownRegions = (
				en,
				Base,
			);
			mainGroup = CD8D4A1C2952EBA2002755C0;
			productRefGroup = CD8D4A262952EBA2002755C0 /* Products */;
			projectDirPath = "";
			projectRoot = "";
			targets = (
				CD8D4A242952EBA2002755C0 /* PinCrypto */,
			);
		};
/* End PBXProject section */

/* Begin PBXResourcesBuildPhase section */
		CD8D4A232952EBA2002755C0 /* Resources */ = {
			isa = PBXResourcesBuildPhase;
			buildActionMask = 2147483647;
			files = (
				CD8D4A302952EBA3002755C0 /* Preview Assets.xcassets in Resources */,
				CD8D4A372952EF7F002755C0 /* Assets.xcassets in Resources */,
			);
			runOnlyForDeploymentPostprocessing = 0;
		};
/* End PBXResourcesBuildPhase section */

/* Begin PBXSourcesBuildPhase section */
		CD8D4A212952EBA2002755C0 /* Sources */ = {
			isa = PBXSourcesBuildPhase;
			buildActionMask = 2147483647;
			files = (
				CDF9D6042954058E00B09CD6 /* CoinRowView.swift in Sources */,
				CD8D4A422952F09B002755C0 /* UIApplication.swift in Sources */,
				CDC6D73E295ACD2B00B8F06F /* HapticManager.swift in Sources */,
				CD8D4A412952F09B002755C0 /* String.swift in Sources */,
				CD525E6F295976CA008CB800 /* XMarkButton.swift in Sources */,
				CDF9D60B2954375D00B09CD6 /* CoinDataService.swift in Sources */,
				CD8D4A452952F09B002755C0 /* Date.swift in Sources */,
				CDF9D60E29543EE300B09CD6 /* NetworkingManager.swift in Sources */,
				CDDB3486295595D3002CEDE7 /* HomeStatsView.swift in Sources */,
				CD525E76295A8DC8008CB800 /* PortfolioDataService.swift in Sources */,
				CD525E74295A8CA2008CB800 /* PortfolioContainer.xcdatamodeld in Sources */,
				CD525E6D29596955008CB800 /* PortfolioView.swift in Sources */,
				CD8D4A2B2952EBA2002755C0 /* ContentView.swift in Sources */,
				CDDB347E29557242002CEDE7 /* LocalFileManager.swift in Sources */,
				CDF9D60229530F0B00B09CD6 /* CoinModel.swift in Sources */,
				CD8D4A432952F09B002755C0 /* Double.swift in Sources */,
				CDFFCBEA295BED0600D52E09 /* DetailView.swift in Sources */,
				CDDB348029558269002CEDE7 /* SearchBarView.swift in Sources */,
				CD8D4A4C2952F2B7002755C0 /* HomeView.swift in Sources */,
				CD525E6B29594AFA008CB800 /* MarketDataService.swift in Sources */,
				CDDB348229559119002CEDE7 /* StatisticModel.swift in Sources */,
				CD8D4A4F2952F3AC002755C0 /* CircleButtonView.swift in Sources */,
				CDDB34842955926D002CEDE7 /* StatisticView.swift in Sources */,
				CDF9D6082954279000B09CD6 /* HomeViewModel.swift in Sources */,
				CDF9D6102954503700B09CD6 /* CoinImageView.swift in Sources */,
				CDF9D5FF2952FD9B00B09CD6 /* CircleButtonAnimationView.swift in Sources */,
				CD8D4A292952EBA2002755C0 /* PinCryptoApp.swift in Sources */,
				CD8D4A442952F09B002755C0 /* Color.swift in Sources */,
				CDF9D6162954545800B09CD6 /* CoinImageViewModel.swift in Sources */,
				CD525E7129597C58008CB800 /* CoinLogoView.swift in Sources */,
				CDF9D6122954527B00B09CD6 /* CoinImageService.swift in Sources */,
				CDDB34882955A83B002CEDE7 /* MarketDataModel.swift in Sources */,
				CDF9D606295405FB00B09CD6 /* PreviewProvider.swift in Sources */,
			);
			runOnlyForDeploymentPostprocessing = 0;
		};
/* End PBXSourcesBuildPhase section */

/* Begin XCBuildConfiguration section */
		CD8D4A312952EBA3002755C0 /* Debug */ = {
			isa = XCBuildConfiguration;
			buildSettings = {
				ALWAYS_SEARCH_USER_PATHS = NO;
				CLANG_ANALYZER_NONNULL = YES;
				CLANG_ANALYZER_NUMBER_OBJECT_CONVERSION = YES_AGGRESSIVE;
				CLANG_CXX_LANGUAGE_STANDARD = "gnu++20";
				CLANG_ENABLE_MODULES = YES;
				CLANG_ENABLE_OBJC_ARC = YES;
				CLANG_ENABLE_OBJC_WEAK = YES;
				CLANG_WARN_BLOCK_CAPTURE_AUTORELEASING = YES;
				CLANG_WARN_BOOL_CONVERSION = YES;
				CLANG_WARN_COMMA = YES;
				CLANG_WARN_CONSTANT_CONVERSION = YES;
				CLANG_WARN_DEPRECATED_OBJC_IMPLEMENTATIONS = YES;
				CLANG_WARN_DIRECT_OBJC_ISA_USAGE = YES_ERROR;
				CLANG_WARN_DOCUMENTATION_COMMENTS = YES;
				CLANG_WARN_EMPTY_BODY = YES;
				CLANG_WARN_ENUM_CONVERSION = YES;
				CLANG_WARN_INFINITE_RECURSION = YES;
				CLANG_WARN_INT_CONVERSION = YES;
				CLANG_WARN_NON_LITERAL_NULL_CONVERSION = YES;
				CLANG_WARN_OBJC_IMPLICIT_RETAIN_SELF = YES;
				CLANG_WARN_OBJC_LITERAL_CONVERSION = YES;
				CLANG_WARN_OBJC_ROOT_CLASS = YES_ERROR;
				CLANG_WARN_QUOTED_INCLUDE_IN_FRAMEWORK_HEADER = YES;
				CLANG_WARN_RANGE_LOOP_ANALYSIS = YES;
				CLANG_WARN_STRICT_PROTOTYPES = YES;
				CLANG_WARN_SUSPICIOUS_MOVE = YES;
				CLANG_WARN_UNGUARDED_AVAILABILITY = YES_AGGRESSIVE;
				CLANG_WARN_UNREACHABLE_CODE = YES;
				CLANG_WARN__DUPLICATE_METHOD_MATCH = YES;
				COPY_PHASE_STRIP = NO;
				DEBUG_INFORMATION_FORMAT = dwarf;
				ENABLE_STRICT_OBJC_MSGSEND = YES;
				ENABLE_TESTABILITY = YES;
				GCC_C_LANGUAGE_STANDARD = gnu11;
				GCC_DYNAMIC_NO_PIC = NO;
				GCC_NO_COMMON_BLOCKS = YES;
				GCC_OPTIMIZATION_LEVEL = 0;
				GCC_PREPROCESSOR_DEFINITIONS = (
					"DEBUG=1",
					"$(inherited)",
				);
				GCC_WARN_64_TO_32_BIT_CONVERSION = YES;
				GCC_WARN_ABOUT_RETURN_TYPE = YES_ERROR;
				GCC_WARN_UNDECLARED_SELECTOR = YES;
				GCC_WARN_UNINITIALIZED_AUTOS = YES_AGGRESSIVE;
				GCC_WARN_UNUSED_FUNCTION = YES;
				GCC_WARN_UNUSED_VARIABLE = YES;
				IPHONEOS_DEPLOYMENT_TARGET = 16.1;
				MTL_ENABLE_DEBUG_INFO = INCLUDE_SOURCE;
				MTL_FAST_MATH = YES;
				ONLY_ACTIVE_ARCH = YES;
				SDKROOT = iphoneos;
				SWIFT_ACTIVE_COMPILATION_CONDITIONS = DEBUG;
				SWIFT_OPTIMIZATION_LEVEL = "-Onone";
			};
			name = Debug;
		};
		CD8D4A322952EBA3002755C0 /* Release */ = {
			isa = XCBuildConfiguration;
			buildSettings = {
				ALWAYS_SEARCH_USER_PATHS = NO;
				CLANG_ANALYZER_NONNULL = YES;
				CLANG_ANALYZER_NUMBER_OBJECT_CONVERSION = YES_AGGRESSIVE;
				CLANG_CXX_LANGUAGE_STANDARD = "gnu++20";
				CLANG_ENABLE_MODULES = YES;
				CLANG_ENABLE_OBJC_ARC = YES;
				CLANG_ENABLE_OBJC_WEAK = YES;
				CLANG_WARN_BLOCK_CAPTURE_AUTORELEASING = YES;
				CLANG_WARN_BOOL_CONVERSION = YES;
				CLANG_WARN_COMMA = YES;
				CLANG_WARN_CONSTANT_CONVERSION = YES;
				CLANG_WARN_DEPRECATED_OBJC_IMPLEMENTATIONS = YES;
				CLANG_WARN_DIRECT_OBJC_ISA_USAGE = YES_ERROR;
				CLANG_WARN_DOCUMENTATION_COMMENTS = YES;
				CLANG_WARN_EMPTY_BODY = YES;
				CLANG_WARN_ENUM_CONVERSION = YES;
				CLANG_WARN_INFINITE_RECURSION = YES;
				CLANG_WARN_INT_CONVERSION = YES;
				CLANG_WARN_NON_LITERAL_NULL_CONVERSION = YES;
				CLANG_WARN_OBJC_IMPLICIT_RETAIN_SELF = YES;
				CLANG_WARN_OBJC_LITERAL_CONVERSION = YES;
				CLANG_WARN_OBJC_ROOT_CLASS = YES_ERROR;
				CLANG_WARN_QUOTED_INCLUDE_IN_FRAMEWORK_HEADER = YES;
				CLANG_WARN_RANGE_LOOP_ANALYSIS = YES;
				CLANG_WARN_STRICT_PROTOTYPES = YES;
				CLANG_WARN_SUSPICIOUS_MOVE = YES;
				CLANG_WARN_UNGUARDED_AVAILABILITY = YES_AGGRESSIVE;
				CLANG_WARN_UNREACHABLE_CODE = YES;
				CLANG_WARN__DUPLICATE_METHOD_MATCH = YES;
				COPY_PHASE_STRIP = NO;
				DEBUG_INFORMATION_FORMAT = "dwarf-with-dsym";
				ENABLE_NS_ASSERTIONS = NO;
				ENABLE_STRICT_OBJC_MSGSEND = YES;
				GCC_C_LANGUAGE_STANDARD = gnu11;
				GCC_NO_COMMON_BLOCKS = YES;
				GCC_WARN_64_TO_32_BIT_CONVERSION = YES;
				GCC_WARN_ABOUT_RETURN_TYPE = YES_ERROR;
				GCC_WARN_UNDECLARED_SELECTOR = YES;
				GCC_WARN_UNINITIALIZED_AUTOS = YES_AGGRESSIVE;
				GCC_WARN_UNUSED_FUNCTION = YES;
				GCC_WARN_UNUSED_VARIABLE = YES;
				IPHONEOS_DEPLOYMENT_TARGET = 16.1;
				MTL_ENABLE_DEBUG_INFO = NO;
				MTL_FAST_MATH = YES;
				SDKROOT = iphoneos;
				SWIFT_COMPILATION_MODE = wholemodule;
				SWIFT_OPTIMIZATION_LEVEL = "-O";
				VALIDATE_PRODUCT = YES;
			};
			name = Release;
		};
		CD8D4A342952EBA3002755C0 /* Debug */ = {
			isa = XCBuildConfiguration;
			buildSettings = {
				ASSETCATALOG_COMPILER_APPICON_NAME = AppIcon;
				ASSETCATALOG_COMPILER_GLOBAL_ACCENT_COLOR_NAME = AccentColor;
				CODE_SIGN_STYLE = Automatic;
				CURRENT_PROJECT_VERSION = 1;
				DEVELOPMENT_ASSET_PATHS = "\"PinCrypto/Preview Content\"";
				DEVELOPMENT_TEAM = 7588T3DZY6;
				ENABLE_PREVIEWS = YES;
				GENERATE_INFOPLIST_FILE = YES;
				INFOPLIST_KEY_UIApplicationSceneManifest_Generation = YES;
				INFOPLIST_KEY_UIApplicationSupportsIndirectInputEvents = YES;
				INFOPLIST_KEY_UILaunchScreen_Generation = YES;
				INFOPLIST_KEY_UISupportedInterfaceOrientations = UIInterfaceOrientationPortrait;
				INFOPLIST_KEY_UISupportedInterfaceOrientations_iPad = "UIInterfaceOrientationPortrait UIInterfaceOrientationPortraitUpsideDown";
				LD_RUNPATH_SEARCH_PATHS = (
					"$(inherited)",
					"@executable_path/Frameworks",
				);
				MARKETING_VERSION = 1.0;
				PRODUCT_BUNDLE_IDENTIFIER = com.pin.PinCrypto;
				PRODUCT_NAME = "$(TARGET_NAME)";
				SUPPORTED_PLATFORMS = "iphoneos iphonesimulator";
				SUPPORTS_MACCATALYST = NO;
				SUPPORTS_MAC_DESIGNED_FOR_IPHONE_IPAD = NO;
				SWIFT_EMIT_LOC_STRINGS = YES;
				SWIFT_VERSION = 5.0;
				TARGETED_DEVICE_FAMILY = "1,2";
			};
			name = Debug;
		};
		CD8D4A352952EBA3002755C0 /* Release */ = {
			isa = XCBuildConfiguration;
			buildSettings = {
				ASSETCATALOG_COMPILER_APPICON_NAME = AppIcon;
				ASSETCATALOG_COMPILER_GLOBAL_ACCENT_COLOR_NAME = AccentColor;
				CODE_SIGN_STYLE = Automatic;
				CURRENT_PROJECT_VERSION = 1;
				DEVELOPMENT_ASSET_PATHS = "\"PinCrypto/Preview Content\"";
				DEVELOPMENT_TEAM = 7588T3DZY6;
				ENABLE_PREVIEWS = YES;
				GENERATE_INFOPLIST_FILE = YES;
				INFOPLIST_KEY_UIApplicationSceneManifest_Generation = YES;
				INFOPLIST_KEY_UIApplicationSupportsIndirectInputEvents = YES;
				INFOPLIST_KEY_UILaunchScreen_Generation = YES;
				INFOPLIST_KEY_UISupportedInterfaceOrientations = UIInterfaceOrientationPortrait;
				INFOPLIST_KEY_UISupportedInterfaceOrientations_iPad = "UIInterfaceOrientationPortrait UIInterfaceOrientationPortraitUpsideDown";
				LD_RUNPATH_SEARCH_PATHS = (
					"$(inherited)",
					"@executable_path/Frameworks",
				);
				MARKETING_VERSION = 1.0;
				PRODUCT_BUNDLE_IDENTIFIER = com.pin.PinCrypto;
				PRODUCT_NAME = "$(TARGET_NAME)";
				SUPPORTED_PLATFORMS = "iphoneos iphonesimulator";
				SUPPORTS_MACCATALYST = NO;
				SUPPORTS_MAC_DESIGNED_FOR_IPHONE_IPAD = NO;
				SWIFT_EMIT_LOC_STRINGS = YES;
				SWIFT_VERSION = 5.0;
				TARGETED_DEVICE_FAMILY = "1,2";
			};
			name = Release;
		};
/* End XCBuildConfiguration section */

/* Begin XCConfigurationList section */
		CD8D4A202952EBA2002755C0 /* Build configuration list for PBXProject "PinCrypto" */ = {
			isa = XCConfigurationList;
			buildConfigurations = (
				CD8D4A312952EBA3002755C0 /* Debug */,
				CD8D4A322952EBA3002755C0 /* Release */,
			);
			defaultConfigurationIsVisible = 0;
			defaultConfigurationName = Release;
		};
		CD8D4A332952EBA3002755C0 /* Build configuration list for PBXNativeTarget "PinCrypto" */ = {
			isa = XCConfigurationList;
			buildConfigurations = (
				CD8D4A342952EBA3002755C0 /* Debug */,
				CD8D4A352952EBA3002755C0 /* Release */,
			);
			defaultConfigurationIsVisible = 0;
			defaultConfigurationName = Release;
		};
/* End XCConfigurationList section */

/* Begin XCVersionGroup section */
		CD525E72295A8CA2008CB800 /* PortfolioContainer.xcdatamodeld */ = {
			isa = XCVersionGroup;
			children = (
				CD525E73295A8CA2008CB800 /* PortfolioContainer.xcdatamodel */,
			);
			currentVersion = CD525E73295A8CA2008CB800 /* PortfolioContainer.xcdatamodel */;
			path = PortfolioContainer.xcdatamodeld;
			sourceTree = "<group>";
			versionGroupType = wrapper.xcdatamodel;
		};
/* End XCVersionGroup section */
	};
	rootObject = CD8D4A1D2952EBA2002755C0 /* Project object */;
}
